// !$*UTF8*$!
{
	archiveVersion = 1;
	classes = {
	};
	objectVersion = 50;
	objects = {

/* Begin PBXBuildFile section */
		2F025E17254EB51800D5CCE4 /* JinyLibrary.swift in Sources */ = {isa = PBXBuildFile; fileRef = 2F025E16254EB51800D5CCE4 /* JinyLibrary.swift */; };
		2F025E24254EB5FC00D5CCE4 /* Constants.swift in Sources */ = {isa = PBXBuildFile; fileRef = 2F025E20254EB5FC00D5CCE4 /* Constants.swift */; };
		2F025E25254EB5FC00D5CCE4 /* FloatingButtonViewController.swift in Sources */ = {isa = PBXBuildFile; fileRef = 2F025E21254EB5FC00D5CCE4 /* FloatingButtonViewController.swift */; };
		2F025E26254EB5FC00D5CCE4 /* FloatingButtonWindow.swift in Sources */ = {isa = PBXBuildFile; fileRef = 2F025E22254EB5FC00D5CCE4 /* FloatingButtonWindow.swift */; };
		2F025E27254EB5FC00D5CCE4 /* FloatingButton.swift in Sources */ = {isa = PBXBuildFile; fileRef = 2F025E23254EB5FC00D5CCE4 /* FloatingButton.swift */; };
/* End PBXBuildFile section */

/* Begin PBXCopyFilesBuildPhase section */
		2F025E11254EB51800D5CCE4 /* CopyFiles */ = {
			isa = PBXCopyFilesBuildPhase;
			buildActionMask = 2147483647;
			dstPath = "include/$(PRODUCT_NAME)";
			dstSubfolderSpec = 16;
			files = (
			);
			runOnlyForDeploymentPostprocessing = 0;
		};
/* End PBXCopyFilesBuildPhase section */

/* Begin PBXFileReference section */
		2F025E13254EB51800D5CCE4 /* libJinyLibrary.a */ = {isa = PBXFileReference; explicitFileType = archive.ar; includeInIndex = 0; path = libJinyLibrary.a; sourceTree = BUILT_PRODUCTS_DIR; };
		2F025E16254EB51800D5CCE4 /* JinyLibrary.swift */ = {isa = PBXFileReference; lastKnownFileType = sourcecode.swift; path = JinyLibrary.swift; sourceTree = "<group>"; };
		2F025E1E254EB57A00D5CCE4 /* audio.mp3 */ = {isa = PBXFileReference; lastKnownFileType = audio.mp3; path = audio.mp3; sourceTree = "<group>"; };
		2F025E1F254EB59800D5CCE4 /* Image.xcassets */ = {isa = PBXFileReference; lastKnownFileType = folder.assetcatalog; path = Image.xcassets; sourceTree = "<group>"; };
		2F025E20254EB5FC00D5CCE4 /* Constants.swift */ = {isa = PBXFileReference; fileEncoding = 4; lastKnownFileType = sourcecode.swift; path = Constants.swift; sourceTree = "<group>"; };
		2F025E21254EB5FC00D5CCE4 /* FloatingButtonViewController.swift */ = {isa = PBXFileReference; fileEncoding = 4; lastKnownFileType = sourcecode.swift; path = FloatingButtonViewController.swift; sourceTree = "<group>"; };
		2F025E22254EB5FC00D5CCE4 /* FloatingButtonWindow.swift */ = {isa = PBXFileReference; fileEncoding = 4; lastKnownFileType = sourcecode.swift; path = FloatingButtonWindow.swift; sourceTree = "<group>"; };
		2F025E23254EB5FC00D5CCE4 /* FloatingButton.swift */ = {isa = PBXFileReference; fileEncoding = 4; lastKnownFileType = sourcecode.swift; path = FloatingButton.swift; sourceTree = "<group>"; };
/* End PBXFileReference section */

/* Begin PBXFrameworksBuildPhase section */
		2F025E10254EB51800D5CCE4 /* Frameworks */ = {
			isa = PBXFrameworksBuildPhase;
			buildActionMask = 2147483647;
			files = (
			);
			runOnlyForDeploymentPostprocessing = 0;
		};
/* End PBXFrameworksBuildPhase section */

/* Begin PBXGroup section */
		2F025E0A254EB51800D5CCE4 = {
			isa = PBXGroup;
			children = (
				2F025E15254EB51800D5CCE4 /* JinyLibrary */,
				2F025E14254EB51800D5CCE4 /* Products */,
			);
			sourceTree = "<group>";
		};
		2F025E14254EB51800D5CCE4 /* Products */ = {
			isa = PBXGroup;
			children = (
				2F025E13254EB51800D5CCE4 /* libJinyLibrary.a */,
			);
			name = Products;
			sourceTree = "<group>";
		};
		2F025E15254EB51800D5CCE4 /* JinyLibrary */ = {
			isa = PBXGroup;
			children = (
				2F025E1D254EB56200D5CCE4 /* Assets */,
				2F025E16254EB51800D5CCE4 /* JinyLibrary.swift */,
				2F025E20254EB5FC00D5CCE4 /* Constants.swift */,
				2F025E23254EB5FC00D5CCE4 /* FloatingButton.swift */,
				2F025E21254EB5FC00D5CCE4 /* FloatingButtonViewController.swift */,
				2F025E22254EB5FC00D5CCE4 /* FloatingButtonWindow.swift */,
				2F025E1F254EB59800D5CCE4 /* Image.xcassets */,
			);
			path = JinyLibrary;
			sourceTree = "<group>";
		};
		2F025E1D254EB56200D5CCE4 /* Assets */ = {
			isa = PBXGroup;
			children = (
				2F025E1E254EB57A00D5CCE4 /* audio.mp3 */,
			);
			path = Assets;
			sourceTree = "<group>";
		};
/* End PBXGroup section */

/* Begin PBXNativeTarget section */
		2F025E12254EB51800D5CCE4 /* JinyLibrary */ = {
			isa = PBXNativeTarget;
			buildConfigurationList = 2F025E1A254EB51800D5CCE4 /* Build configuration list for PBXNativeTarget "JinyLibrary" */;
			buildPhases = (
				2F025E0F254EB51800D5CCE4 /* Sources */,
				2F025E10254EB51800D5CCE4 /* Frameworks */,
				2F025E11254EB51800D5CCE4 /* CopyFiles */,
			);
			buildRules = (
			);
			dependencies = (
			);
			name = JinyLibrary;
			productName = JinyLibrary;
			productReference = 2F025E13254EB51800D5CCE4 /* libJinyLibrary.a */;
			productType = "com.apple.product-type.library.static";
		};
/* End PBXNativeTarget section */

/* Begin PBXProject section */
		2F025E0B254EB51800D5CCE4 /* Project object */ = {
			isa = PBXProject;
			attributes = {
				LastSwiftUpdateCheck = 1160;
				LastUpgradeCheck = 1160;
				ORGANIZATIONNAME = "Sumeet Jain";
				TargetAttributes = {
					2F025E12254EB51800D5CCE4 = {
						CreatedOnToolsVersion = 11.6;
					};
				};
			};
			buildConfigurationList = 2F025E0E254EB51800D5CCE4 /* Build configuration list for PBXProject "JinyLibrary" */;
			compatibilityVersion = "Xcode 9.3";
			developmentRegion = en;
			hasScannedForEncodings = 0;
			knownRegions = (
				en,
				Base,
			);
			mainGroup = 2F025E0A254EB51800D5CCE4;
			productRefGroup = 2F025E14254EB51800D5CCE4 /* Products */;
			projectDirPath = "";
			projectRoot = "";
			targets = (
				2F025E12254EB51800D5CCE4 /* JinyLibrary */,
			);
		};
/* End PBXProject section */

/* Begin PBXSourcesBuildPhase section */
		2F025E0F254EB51800D5CCE4 /* Sources */ = {
			isa = PBXSourcesBuildPhase;
			buildActionMask = 2147483647;
			files = (
				2F025E17254EB51800D5CCE4 /* JinyLibrary.swift in Sources */,
				2F025E26254EB5FC00D5CCE4 /* FloatingButtonWindow.swift in Sources */,
				2F025E27254EB5FC00D5CCE4 /* FloatingButton.swift in Sources */,
				2F025E25254EB5FC00D5CCE4 /* FloatingButtonViewController.swift in Sources */,
				2F025E24254EB5FC00D5CCE4 /* Constants.swift in Sources */,
			);
			runOnlyForDeploymentPostprocessing = 0;
		};
/* End PBXSourcesBuildPhase section */

/* Begin XCBuildConfiguration section */
		2F025E18254EB51800D5CCE4 /* Debug */ = {
			isa = XCBuildConfiguration;
			buildSettings = {
				ALWAYS_SEARCH_USER_PATHS = NO;
				CLANG_ANALYZER_NONNULL = YES;
				CLANG_ANALYZER_NUMBER_OBJECT_CONVERSION = YES_AGGRESSIVE;
				CLANG_CXX_LANGUAGE_STANDARD = "gnu++14";
				CLANG_CXX_LIBRARY = "libc++";
				CLANG_ENABLE_MODULES = YES;
				CLANG_ENABLE_OBJC_ARC = YES;
				CLANG_ENABLE_OBJC_WEAK = YES;
				CLANG_WARN_BLOCK_CAPTURE_AUTORELEASING = YES;
				CLANG_WARN_BOOL_CONVERSION = YES;
				CLANG_WARN_COMMA = YES;
				CLANG_WARN_CONSTANT_CONVERSION = YES;
				CLANG_WARN_DEPRECATED_OBJC_IMPLEMENTATIONS = YES;
				CLANG_WARN_DIRECT_OBJC_ISA_USAGE = YES_ERROR;
				CLANG_WARN_DOCUMENTATION_COMMENTS = YES;
				CLANG_WARN_EMPTY_BODY = YES;
				CLANG_WARN_ENUM_CONVERSION = YES;
				CLANG_WARN_INFINITE_RECURSION = YES;
				CLANG_WARN_INT_CONVERSION = YES;
				CLANG_WARN_NON_LITERAL_NULL_CONVERSION = YES;
				CLANG_WARN_OBJC_IMPLICIT_RETAIN_SELF = YES;
				CLANG_WARN_OBJC_LITERAL_CONVERSION = YES;
				CLANG_WARN_OBJC_ROOT_CLASS = YES_ERROR;
				CLANG_WARN_RANGE_LOOP_ANALYSIS = YES;
				CLANG_WARN_STRICT_PROTOTYPES = YES;
				CLANG_WARN_SUSPICIOUS_MOVE = YES;
				CLANG_WARN_UNGUARDED_AVAILABILITY = YES_AGGRESSIVE;
				CLANG_WARN_UNREACHABLE_CODE = YES;
				CLANG_WARN__DUPLICATE_METHOD_MATCH = YES;
				COPY_PHASE_STRIP = NO;
				DEBUG_INFORMATION_FORMAT = dwarf;
				ENABLE_STRICT_OBJC_MSGSEND = YES;
				ENABLE_TESTABILITY = YES;
				GCC_C_LANGUAGE_STANDARD = gnu11;
				GCC_DYNAMIC_NO_PIC = NO;
				GCC_NO_COMMON_BLOCKS = YES;
				GCC_OPTIMIZATION_LEVEL = 0;
				GCC_PREPROCESSOR_DEFINITIONS = (
					"DEBUG=1",
					"$(inherited)",
				);
				GCC_WARN_64_TO_32_BIT_CONVERSION = YES;
				GCC_WARN_ABOUT_RETURN_TYPE = YES_ERROR;
				GCC_WARN_UNDECLARED_SELECTOR = YES;
				GCC_WARN_UNINITIALIZED_AUTOS = YES_AGGRESSIVE;
				GCC_WARN_UNUSED_FUNCTION = YES;
				GCC_WARN_UNUSED_VARIABLE = YES;
				IPHONEOS_DEPLOYMENT_TARGET = 13.6;
				MTL_ENABLE_DEBUG_INFO = INCLUDE_SOURCE;
				MTL_FAST_MATH = YES;
				ONLY_ACTIVE_ARCH = YES;
				SDKROOT = iphoneos;
				SWIFT_ACTIVE_COMPILATION_CONDITIONS = DEBUG;
				SWIFT_OPTIMIZATION_LEVEL = "-Onone";
			};
			name = Debug;
		};
		2F025E19254EB51800D5CCE4 /* Release */ = {
			isa = XCBuildConfiguration;
			buildSettings = {
				ALWAYS_SEARCH_USER_PATHS = NO;
				CLANG_ANALYZER_NONNULL = YES;
				CLANG_ANALYZER_NUMBER_OBJECT_CONVERSION = YES_AGGRESSIVE;
				CLANG_CXX_LANGUAGE_STANDARD = "gnu++14";
				CLANG_CXX_LIBRARY = "libc++";
				CLANG_ENABLE_MODULES = YES;
				CLANG_ENABLE_OBJC_ARC = YES;
				CLANG_ENABLE_OBJC_WEAK = YES;
				CLANG_WARN_BLOCK_CAPTURE_AUTORELEASING = YES;
				CLANG_WARN_BOOL_CONVERSION = YES;
				CLANG_WARN_COMMA = YES;
				CLANG_WARN_CONSTANT_CONVERSION = YES;
				CLANG_WARN_DEPRECATED_OBJC_IMPLEMENTATIONS = YES;
				CLANG_WARN_DIRECT_OBJC_ISA_USAGE = YES_ERROR;
				CLANG_WARN_DOCUMENTATION_COMMENTS = YES;
				CLANG_WARN_EMPTY_BODY = YES;
				CLANG_WARN_ENUM_CONVERSION = YES;
				CLANG_WARN_INFINITE_RECURSION = YES;
				CLANG_WARN_INT_CONVERSION = YES;
				CLANG_WARN_NON_LITERAL_NULL_CONVERSION = YES;
				CLANG_WARN_OBJC_IMPLICIT_RETAIN_SELF = YES;
				CLANG_WARN_OBJC_LITERAL_CONVERSION = YES;
				CLANG_WARN_OBJC_ROOT_CLASS = YES_ERROR;
				CLANG_WARN_RANGE_LOOP_ANALYSIS = YES;
				CLANG_WARN_STRICT_PROTOTYPES = YES;
				CLANG_WARN_SUSPICIOUS_MOVE = YES;
				CLANG_WARN_UNGUARDED_AVAILABILITY = YES_AGGRESSIVE;
				CLANG_WARN_UNREACHABLE_CODE = YES;
				CLANG_WARN__DUPLICATE_METHOD_MATCH = YES;
				COPY_PHASE_STRIP = NO;
				DEBUG_INFORMATION_FORMAT = "dwarf-with-dsym";
				ENABLE_NS_ASSERTIONS = NO;
				ENABLE_STRICT_OBJC_MSGSEND = YES;
				GCC_C_LANGUAGE_STANDARD = gnu11;
				GCC_NO_COMMON_BLOCKS = YES;
				GCC_WARN_64_TO_32_BIT_CONVERSION = YES;
				GCC_WARN_ABOUT_RETURN_TYPE = YES_ERROR;
				GCC_WARN_UNDECLARED_SELECTOR = YES;
				GCC_WARN_UNINITIALIZED_AUTOS = YES_AGGRESSIVE;
				GCC_WARN_UNUSED_FUNCTION = YES;
				GCC_WARN_UNUSED_VARIABLE = YES;
				IPHONEOS_DEPLOYMENT_TARGET = 13.6;
				MTL_ENABLE_DEBUG_INFO = NO;
				MTL_FAST_MATH = YES;
				SDKROOT = iphoneos;
				SWIFT_COMPILATION_MODE = wholemodule;
				SWIFT_OPTIMIZATION_LEVEL = "-O";
				VALIDATE_PRODUCT = YES;
			};
			name = Release;
		};
		2F025E1B254EB51800D5CCE4 /* Debug */ = {
			isa = XCBuildConfiguration;
			buildSettings = {
				CODE_SIGN_STYLE = Automatic;
				DEVELOPMENT_TEAM = 892974KF82;
				OTHER_LDFLAGS = "-ObjC";
				PRODUCT_NAME = "$(TARGET_NAME)";
				SKIP_INSTALL = YES;
				SWIFT_VERSION = 5.0;
				TARGETED_DEVICE_FAMILY = "1,2";
			};
			name = Debug;
		};
		2F025E1C254EB51800D5CCE4 /* Release */ = {
			isa = XCBuildConfiguration;
			buildSettings = {
				CODE_SIGN_STYLE = Automatic;
				DEVELOPMENT_TEAM = 892974KF82;
				OTHER_LDFLAGS = "-ObjC";
				PRODUCT_NAME = "$(TARGET_NAME)";
				SKIP_INSTALL = YES;
				SWIFT_VERSION = 5.0;
				TARGETED_DEVICE_FAMILY = "1,2";
			};
			name = Release;
		};
/* End XCBuildConfiguration section */

/* Begin XCConfigurationList section */
		2F025E0E254EB51800D5CCE4 /* Build configuration list for PBXProject "JinyLibrary" */ = {
			isa = XCConfigurationList;
			buildConfigurations = (
				2F025E18254EB51800D5CCE4 /* Debug */,
				2F025E19254EB51800D5CCE4 /* Release */,
			);
			defaultConfigurationIsVisible = 0;
			defaultConfigurationName = Release;
		};
		2F025E1A254EB51800D5CCE4 /* Build configuration list for PBXNativeTarget "JinyLibrary" */ = {
			isa = XCConfigurationList;
			buildConfigurations = (
				2F025E1B254EB51800D5CCE4 /* Debug */,
				2F025E1C254EB51800D5CCE4 /* Release */,
			);
			defaultConfigurationIsVisible = 0;
			defaultConfigurationName = Release;
		};
/* End XCConfigurationList section */
	};
	rootObject = 2F025E0B254EB51800D5CCE4 /* Project object */;
}
